<?xml version="1.0" encoding="utf-8"?>
<Project ToolsVersion="4.0" xmlns="http://schemas.microsoft.com/developer/msbuild/2003">
  <ItemGroup>
    <Filter Include="Core">
      <UniqueIdentifier>{9494f307-c1ec-49c3-b3a2-e8bd3267d84e}</UniqueIdentifier>
    </Filter>
    <Filter Include="Core\Window">
      <UniqueIdentifier>{a3d208ce-c616-4e32-9d2d-f8e8825c59cf}</UniqueIdentifier>
    </Filter>
    <Filter Include="include">
      <UniqueIdentifier>{1d2eb2cb-c2cc-41b4-af6d-395b05f55a04}</UniqueIdentifier>
    </Filter>
    <Filter Include="Component">
      <UniqueIdentifier>{473dfab2-3e7d-432d-8e69-65aa99f48c29}</UniqueIdentifier>
    </Filter>
    <Filter Include="Core\GPU">
      <UniqueIdentifier>{271e5bd2-7cb3-40b7-b2e5-5e343c58f910}</UniqueIdentifier>
    </Filter>
    <Filter Include="Core\Managers">
      <UniqueIdentifier>{2940a1fd-9fef-46a7-93fb-a8241118d00a}</UniqueIdentifier>
    </Filter>
    <Filter Include="Projects">
      <UniqueIdentifier>{513bddfe-30d8-467c-8db0-227747457fa8}</UniqueIdentifier>
    </Filter>
    <Filter Include="Projects\ProceduralCity">
      <UniqueIdentifier>{5e12c72c-f02e-41a7-9731-71e6ae7ac520}</UniqueIdentifier>
    </Filter>
    <Filter Include="Projects\ProceduralCity\Entities">
      <UniqueIdentifier>{cbc32864-a5a1-4c1e-a664-fb011abbc2fb}</UniqueIdentifier>
    </Filter>
    <Filter Include="Projects\ProceduralCity\DataStructures">
      <UniqueIdentifier>{49f052d4-11ed-4ee4-b755-4a04132744f6}</UniqueIdentifier>
    </Filter>
    <Filter Include="Projects\ProceduralCity\MeshGenerator">
      <UniqueIdentifier>{dd3d8495-4304-44dd-ada3-ef7614544bbc}</UniqueIdentifier>
    </Filter>
  </ItemGroup>
  <ItemGroup>
    <ClCompile Include="..\Source\Core\Engine.cpp">
      <Filter>Core</Filter>
    </ClCompile>
    <ClCompile Include="..\Source\Core\World.cpp">
      <Filter>Core</Filter>
    </ClCompile>
    <ClCompile Include="..\Source\include\gl.cpp">
      <Filter>include</Filter>
    </ClCompile>
    <ClCompile Include="..\Source\Core\Window\WindowObject.cpp">
      <Filter>Core\Window</Filter>
    </ClCompile>
    <ClCompile Include="..\Source\Core\GPU\Shader.cpp">
      <Filter>Core\GPU</Filter>
    </ClCompile>
    <ClCompile Include="..\Source\Main.cpp" />
    <ClCompile Include="..\Source\Core\Window\WindowCallbacks.cpp">
      <Filter>Core\Window</Filter>
    </ClCompile>
    <ClCompile Include="..\Source\Core\GPU\Mesh.cpp">
      <Filter>Core\GPU</Filter>
    </ClCompile>
    <ClCompile Include="..\Source\Core\GPU\Texture2D.cpp">
      <Filter>Core\GPU</Filter>
    </ClCompile>
    <ClCompile Include="..\Source\Core\Managers\TextureManager.cpp">
      <Filter>Core\Managers</Filter>
    </ClCompile>
    <ClCompile Include="..\Source\Component\CameraInput.cpp">
      <Filter>Component</Filter>
    </ClCompile>
    <ClCompile Include="..\Source\Core\Window\InputController.cpp">
      <Filter>Core\Window</Filter>
    </ClCompile>
    <ClCompile Include="..\Source\Component\SimpleScene.cpp">
      <Filter>Component</Filter>
    </ClCompile>
    <ClCompile Include="..\Source\Core\GPU\GPUBuffers.cpp">
      <Filter>Core\GPU</Filter>
    </ClCompile>
    <ClCompile Include="..\Source\Component\SceneInput.cpp">
      <Filter>Component</Filter>
    </ClCompile>
    <ClCompile Include="..\Source\Projects\ProceduralCity\ProceduralCity.cpp">
      <Filter>Projects\ProceduralCity</Filter>
    </ClCompile>
    <ClCompile Include="..\Source\Projects\ProceduralCity\Entities\Decoration.cpp">
      <Filter>Projects\ProceduralCity\Entities</Filter>
    </ClCompile>
    <ClCompile Include="..\Source\Projects\ProceduralCity\Entities\Entity.cpp">
      <Filter>Projects\ProceduralCity\Entities</Filter>
    </ClCompile>
    <ClCompile Include="..\Source\Projects\ProceduralCity\Entities\Intersection.cpp">
      <Filter>Projects\ProceduralCity\Entities</Filter>
    </ClCompile>
    <ClCompile Include="..\Source\Projects\ProceduralCity\Entities\Plane.cpp">
      <Filter>Projects\ProceduralCity\Entities</Filter>
    </ClCompile>
    <ClCompile Include="..\Source\Projects\ProceduralCity\Entities\Road.cpp">
      <Filter>Projects\ProceduralCity\Entities</Filter>
    </ClCompile>
    <ClCompile Include="..\Source\Projects\ProceduralCity\Entities\Building.cpp">
      <Filter>Projects\ProceduralCity\Entities</Filter>
    </ClCompile>
    <ClCompile Include="..\Source\Projects\ProceduralCity\Entities\CityManhattan.cpp">
      <Filter>Projects\ProceduralCity\Entities</Filter>
    </ClCompile>
    <ClCompile Include="..\Source\Projects\ProceduralCity\MeshGenerator\MeshGenerator.cpp">
      <Filter>Projects\ProceduralCity\MeshGenerator</Filter>
    </ClCompile>
  </ItemGroup>
  <ItemGroup>
    <ClInclude Include="..\Source\Core\World.h">
      <Filter>Core</Filter>
    </ClInclude>
    <ClInclude Include="..\Source\Core\Engine.h">
      <Filter>Core</Filter>
    </ClInclude>
    <ClInclude Include="..\Source\include\gl.h">
      <Filter>include</Filter>
    </ClInclude>
    <ClInclude Include="..\Source\include\glm.h">
      <Filter>include</Filter>
    </ClInclude>
    <ClInclude Include="..\Source\include\math.h">
      <Filter>include</Filter>
    </ClInclude>
    <ClInclude Include="..\Source\include\utils.h">
      <Filter>include</Filter>
    </ClInclude>
    <ClInclude Include="..\Source\Core\Window\WindowObject.h">
      <Filter>Core\Window</Filter>
    </ClInclude>
    <ClInclude Include="..\Source\Core\GPU\Shader.h">
      <Filter>Core\GPU</Filter>
    </ClInclude>
    <ClInclude Include="..\Source\Core\Window\WindowCallbacks.h">
      <Filter>Core\Window</Filter>
    </ClInclude>
    <ClInclude Include="..\Source\Core\GPU\Mesh.h">
      <Filter>Core\GPU</Filter>
    </ClInclude>
    <ClInclude Include="..\Source\Core\GPU\Texture2D.h">
      <Filter>Core\GPU</Filter>
    </ClInclude>
    <ClInclude Include="..\Source\Core\Managers\ResourcePath.h">
      <Filter>Core\Managers</Filter>
    </ClInclude>
    <ClInclude Include="..\Source\Core\Managers\TextureManager.h">
      <Filter>Core\Managers</Filter>
    </ClInclude>
    <ClInclude Include="..\Source\Component\CameraInput.h">
      <Filter>Component</Filter>
    </ClInclude>
    <ClInclude Include="..\Source\Core\Window\InputController.h">
      <Filter>Core\Window</Filter>
    </ClInclude>
    <ClInclude Include="..\Source\Component\SimpleScene.h">
      <Filter>Component</Filter>
    </ClInclude>
    <ClInclude Include="..\Source\Core\GPU\GPUBuffers.h">
      <Filter>Core\GPU</Filter>
    </ClInclude>
    <ClInclude Include="..\Source\Component\SceneInput.h">
      <Filter>Component</Filter>
    </ClInclude>
    <ClInclude Include="resource.h" />
    <ClInclude Include="..\Source\Projects\ProceduralCity\ProceduralCity.h">
      <Filter>Projects\ProceduralCity</Filter>
    </ClInclude>
    <ClInclude Include="..\Source\Projects\ProceduralCity\ProceduralCityNamespace.h">
      <Filter>Projects\ProceduralCity</Filter>
    </ClInclude>
    <ClInclude Include="..\Source\Projects\ProceduralCity\Constants.h">
      <Filter>Projects\ProceduralCity</Filter>
    </ClInclude>
    <ClInclude Include="..\Source\Projects\ProceduralCity\Entities\CityManhattan.h">
      <Filter>Projects\ProceduralCity\Entities</Filter>
    </ClInclude>
    <ClInclude Include="..\Source\Projects\ProceduralCity\Entities\Decoration.h">
      <Filter>Projects\ProceduralCity\Entities</Filter>
    </ClInclude>
    <ClInclude Include="..\Source\Projects\ProceduralCity\Entities\Entity.h">
      <Filter>Projects\ProceduralCity\Entities</Filter>
    </ClInclude>
    <ClInclude Include="..\Source\Projects\ProceduralCity\Entities\Intersection.h">
      <Filter>Projects\ProceduralCity\Entities</Filter>
    </ClInclude>
    <ClInclude Include="..\Source\Projects\ProceduralCity\Entities\Plane.h">
      <Filter>Projects\ProceduralCity\Entities</Filter>
    </ClInclude>
    <ClInclude Include="..\Source\Projects\ProceduralCity\Entities\Road.h">
      <Filter>Projects\ProceduralCity\Entities</Filter>
    </ClInclude>
    <ClInclude Include="..\Source\Projects\ProceduralCity\Entities\Building.h">
      <Filter>Projects\ProceduralCity\Entities</Filter>
    </ClInclude>
    <ClInclude Include="..\Source\Projects\ProjectList.h">
      <Filter>Projects</Filter>
    </ClInclude>
    <ClInclude Include="..\Source\Projects\ProceduralCity\DataStructures\QuadTree.h">
      <Filter>Projects\ProceduralCity\DataStructures</Filter>
    </ClInclude>
    <ClInclude Include="..\Source\Projects\ProceduralCity\MeshGenerator\MeshGenerator.h">
      <Filter>Projects\ProceduralCity\MeshGenerator</Filter>
    </ClInclude>
  </ItemGroup>
  <ItemGroup>
    <None Include="ClassDiagram.cd" />
  </ItemGroup>
  <ItemGroup>
    <ResourceCompile Include="Framework_EGC.rc" />
  </ItemGroup>
</Project>